# This file is automatically @generated by Cargo.
# It is not intended for manual editing.
version = 3

[[package]]
name = "TSPL"
version = "0.0.10"
source = "registry+https://github.com/rust-lang/crates.io-index"
checksum = "07e0977e929f0c1794b13377834a2b596535f75811f59d71f1c322642e4aefa4"
dependencies = [
 "highlight_error",
]

[[package]]
name = "highlight_error"
version = "0.1.1"
source = "registry+https://github.com/rust-lang/crates.io-index"
checksum = "809e18805660d7b6b2e2b9f316a5099521b5998d5cba4dda11b5157a21aaef03"

[[package]]
name = "hvm2"
version = "0.1.0"
dependencies = [
 "TSPL",
]
